// !$*UTF8*$!
{
	archiveVersion = 1;
	classes = {
	};
	objectVersion = 56;
	objects = {

/* Begin PBXBuildFile section */
		D507E383291ACBCF00679342 /* DotsAnimationView.swift in Sources */ = {isa = PBXBuildFile; fileRef = D507E382291ACBCF00679342 /* DotsAnimationView.swift */; };
		D507E385291ADD3E00679342 /* GreetingAnimationViewController.swift in Sources */ = {isa = PBXBuildFile; fileRef = D507E384291ADD3E00679342 /* GreetingAnimationViewController.swift */; };
		D507E388291C012900679342 /* UserPhotosViewController.swift in Sources */ = {isa = PBXBuildFile; fileRef = D507E387291C012900679342 /* UserPhotosViewController.swift */; };
		D507E38B291C1F1300679342 /* MillAnimationNavigationViewController.swift in Sources */ = {isa = PBXBuildFile; fileRef = D507E38A291C1F1300679342 /* MillAnimationNavigationViewController.swift */; };
		D507E38F291C218500679342 /* PushViewControllerAnimatedTransitioning.swift in Sources */ = {isa = PBXBuildFile; fileRef = D507E38E291C218500679342 /* PushViewControllerAnimatedTransitioning.swift */; };
		D507E391291C219800679342 /* PopViewControllerAnimatedTransitioning.swift in Sources */ = {isa = PBXBuildFile; fileRef = D507E390291C219800679342 /* PopViewControllerAnimatedTransitioning.swift */; };
		D507E397291D811D00679342 /* CustomInteractiveTransition.swift in Sources */ = {isa = PBXBuildFile; fileRef = D507E396291D811D00679342 /* CustomInteractiveTransition.swift */; };
		D507E399291D85AA00679342 /* CustomPopAnimationNavigationViewController.swift in Sources */ = {isa = PBXBuildFile; fileRef = D507E398291D85AA00679342 /* CustomPopAnimationNavigationViewController.swift */; };
		D52A17AA292B8D6600B49180 /* Session.swift in Sources */ = {isa = PBXBuildFile; fileRef = D52A17A9292B8D6600B49180 /* Session.swift */; };
		D549998F291A84C70085A3B7 /* NewsTableViewController.swift in Sources */ = {isa = PBXBuildFile; fileRef = D549998E291A84C70085A3B7 /* NewsTableViewController.swift */; };
		D5499991291A86160085A3B7 /* NewsTableViewCell.swift in Sources */ = {isa = PBXBuildFile; fileRef = D5499990291A86160085A3B7 /* NewsTableViewCell.swift */; };
		D56643912911605D00306D42 /* AppDelegate.swift in Sources */ = {isa = PBXBuildFile; fileRef = D56643902911605D00306D42 /* AppDelegate.swift */; };
		D56643932911605D00306D42 /* SceneDelegate.swift in Sources */ = {isa = PBXBuildFile; fileRef = D56643922911605D00306D42 /* SceneDelegate.swift */; };
		D56643952911605D00306D42 /* LoginViewController.swift in Sources */ = {isa = PBXBuildFile; fileRef = D56643942911605D00306D42 /* LoginViewController.swift */; };
		D56643982911605D00306D42 /* Main.storyboard in Resources */ = {isa = PBXBuildFile; fileRef = D56643962911605D00306D42 /* Main.storyboard */; };
		D566439A2911605E00306D42 /* Assets.xcassets in Resources */ = {isa = PBXBuildFile; fileRef = D56643992911605E00306D42 /* Assets.xcassets */; };
		D566439D2911605E00306D42 /* LaunchScreen.storyboard in Resources */ = {isa = PBXBuildFile; fileRef = D566439B2911605E00306D42 /* LaunchScreen.storyboard */; };
		D56643DB2914427F00306D42 /* FriendsListTableViewController.swift in Sources */ = {isa = PBXBuildFile; fileRef = D56643DA2914427F00306D42 /* FriendsListTableViewController.swift */; };
		D56643DD291442A500306D42 /* FriendsTableViewCell.swift in Sources */ = {isa = PBXBuildFile; fileRef = D56643DC291442A500306D42 /* FriendsTableViewCell.swift */; };
		D56643DF2914459900306D42 /* UserInfo.swift in Sources */ = {isa = PBXBuildFile; fileRef = D56643DE2914459900306D42 /* UserInfo.swift */; };
		D56643E22914504D00306D42 /* UserPhotosCollectionViewController.swift in Sources */ = {isa = PBXBuildFile; fileRef = D56643E12914504D00306D42 /* UserPhotosCollectionViewController.swift */; };
		D56643E42914508300306D42 /* UserPhotoCollectionViewCell.swift in Sources */ = {isa = PBXBuildFile; fileRef = D56643E32914508300306D42 /* UserPhotoCollectionViewCell.swift */; };
		D56643E82914599900306D42 /* UserGroupsTableViewController.swift in Sources */ = {isa = PBXBuildFile; fileRef = D56643E72914599900306D42 /* UserGroupsTableViewController.swift */; };
		D56643EB29145A7E00306D42 /* GroupTableViewCell.swift in Sources */ = {isa = PBXBuildFile; fileRef = D56643E929145A7E00306D42 /* GroupTableViewCell.swift */; };
		D56643EC29145A7E00306D42 /* GroupTableViewCell.xib in Resources */ = {isa = PBXBuildFile; fileRef = D56643EA29145A7E00306D42 /* GroupTableViewCell.xib */; };
		D56643F1291460A000306D42 /* Group.swift in Sources */ = {isa = PBXBuildFile; fileRef = D56643F0291460A000306D42 /* Group.swift */; };
		D56643F32914618500306D42 /* AllGroupsViewController.swift in Sources */ = {isa = PBXBuildFile; fileRef = D56643F22914618500306D42 /* AllGroupsViewController.swift */; };
		D56643F529147F0A00306D42 /* AvatarView.swift in Sources */ = {isa = PBXBuildFile; fileRef = D56643F429147F0A00306D42 /* AvatarView.swift */; };
		D56643FC2914920500306D42 /* LikeControl.swift in Sources */ = {isa = PBXBuildFile; fileRef = D56643FB2914920500306D42 /* LikeControl.swift */; };
/* End PBXBuildFile section */

/* Begin PBXFileReference section */
		D507E382291ACBCF00679342 /* DotsAnimationView.swift */ = {isa = PBXFileReference; lastKnownFileType = sourcecode.swift; path = DotsAnimationView.swift; sourceTree = "<group>"; };
		D507E384291ADD3E00679342 /* GreetingAnimationViewController.swift */ = {isa = PBXFileReference; lastKnownFileType = sourcecode.swift; path = GreetingAnimationViewController.swift; sourceTree = "<group>"; };
		D507E387291C012900679342 /* UserPhotosViewController.swift */ = {isa = PBXFileReference; lastKnownFileType = sourcecode.swift; path = UserPhotosViewController.swift; sourceTree = "<group>"; };
		D507E38A291C1F1300679342 /* MillAnimationNavigationViewController.swift */ = {isa = PBXFileReference; lastKnownFileType = sourcecode.swift; path = MillAnimationNavigationViewController.swift; sourceTree = "<group>"; };
		D507E38E291C218500679342 /* PushViewControllerAnimatedTransitioning.swift */ = {isa = PBXFileReference; lastKnownFileType = sourcecode.swift; path = PushViewControllerAnimatedTransitioning.swift; sourceTree = "<group>"; };
		D507E390291C219800679342 /* PopViewControllerAnimatedTransitioning.swift */ = {isa = PBXFileReference; lastKnownFileType = sourcecode.swift; path = PopViewControllerAnimatedTransitioning.swift; sourceTree = "<group>"; };
		D507E396291D811D00679342 /* CustomInteractiveTransition.swift */ = {isa = PBXFileReference; lastKnownFileType = sourcecode.swift; path = CustomInteractiveTransition.swift; sourceTree = "<group>"; };
		D507E398291D85AA00679342 /* CustomPopAnimationNavigationViewController.swift */ = {isa = PBXFileReference; lastKnownFileType = sourcecode.swift; path = CustomPopAnimationNavigationViewController.swift; sourceTree = "<group>"; };
		D52A17A9292B8D6600B49180 /* Session.swift */ = {isa = PBXFileReference; lastKnownFileType = sourcecode.swift; path = Session.swift; sourceTree = "<group>"; };
		D549998E291A84C70085A3B7 /* NewsTableViewController.swift */ = {isa = PBXFileReference; lastKnownFileType = sourcecode.swift; path = NewsTableViewController.swift; sourceTree = "<group>"; };
		D5499990291A86160085A3B7 /* NewsTableViewCell.swift */ = {isa = PBXFileReference; lastKnownFileType = sourcecode.swift; path = NewsTableViewCell.swift; sourceTree = "<group>"; };
		D566438D2911605D00306D42 /* VK.app */ = {isa = PBXFileReference; explicitFileType = wrapper.application; includeInIndex = 0; path = VK.app; sourceTree = BUILT_PRODUCTS_DIR; };
		D56643902911605D00306D42 /* AppDelegate.swift */ = {isa = PBXFileReference; lastKnownFileType = sourcecode.swift; path = AppDelegate.swift; sourceTree = "<group>"; };
		D56643922911605D00306D42 /* SceneDelegate.swift */ = {isa = PBXFileReference; lastKnownFileType = sourcecode.swift; path = SceneDelegate.swift; sourceTree = "<group>"; };
		D56643942911605D00306D42 /* LoginViewController.swift */ = {isa = PBXFileReference; lastKnownFileType = sourcecode.swift; path = LoginViewController.swift; sourceTree = "<group>"; };
		D56643972911605D00306D42 /* Base */ = {isa = PBXFileReference; lastKnownFileType = file.storyboard; name = Base; path = Base.lproj/Main.storyboard; sourceTree = "<group>"; };
		D56643992911605E00306D42 /* Assets.xcassets */ = {isa = PBXFileReference; lastKnownFileType = folder.assetcatalog; path = Assets.xcassets; sourceTree = "<group>"; };
		D566439C2911605E00306D42 /* Base */ = {isa = PBXFileReference; lastKnownFileType = file.storyboard; name = Base; path = Base.lproj/LaunchScreen.storyboard; sourceTree = "<group>"; };
		D566439E2911605E00306D42 /* Info.plist */ = {isa = PBXFileReference; lastKnownFileType = text.plist.xml; path = Info.plist; sourceTree = "<group>"; };
		D56643DA2914427F00306D42 /* FriendsListTableViewController.swift */ = {isa = PBXFileReference; lastKnownFileType = sourcecode.swift; path = FriendsListTableViewController.swift; sourceTree = "<group>"; };
		D56643DC291442A500306D42 /* FriendsTableViewCell.swift */ = {isa = PBXFileReference; lastKnownFileType = sourcecode.swift; path = FriendsTableViewCell.swift; sourceTree = "<group>"; };
		D56643DE2914459900306D42 /* UserInfo.swift */ = {isa = PBXFileReference; lastKnownFileType = sourcecode.swift; path = UserInfo.swift; sourceTree = "<group>"; };
		D56643E12914504D00306D42 /* UserPhotosCollectionViewController.swift */ = {isa = PBXFileReference; lastKnownFileType = sourcecode.swift; path = UserPhotosCollectionViewController.swift; sourceTree = "<group>"; };
		D56643E32914508300306D42 /* UserPhotoCollectionViewCell.swift */ = {isa = PBXFileReference; lastKnownFileType = sourcecode.swift; path = UserPhotoCollectionViewCell.swift; sourceTree = "<group>"; };
		D56643E72914599900306D42 /* UserGroupsTableViewController.swift */ = {isa = PBXFileReference; lastKnownFileType = sourcecode.swift; path = UserGroupsTableViewController.swift; sourceTree = "<group>"; };
		D56643E929145A7E00306D42 /* GroupTableViewCell.swift */ = {isa = PBXFileReference; lastKnownFileType = sourcecode.swift; path = GroupTableViewCell.swift; sourceTree = "<group>"; };
		D56643EA29145A7E00306D42 /* GroupTableViewCell.xib */ = {isa = PBXFileReference; lastKnownFileType = file.xib; path = GroupTableViewCell.xib; sourceTree = "<group>"; };
		D56643F0291460A000306D42 /* Group.swift */ = {isa = PBXFileReference; lastKnownFileType = sourcecode.swift; path = Group.swift; sourceTree = "<group>"; };
		D56643F22914618500306D42 /* AllGroupsViewController.swift */ = {isa = PBXFileReference; lastKnownFileType = sourcecode.swift; path = AllGroupsViewController.swift; sourceTree = "<group>"; };
		D56643F429147F0A00306D42 /* AvatarView.swift */ = {isa = PBXFileReference; lastKnownFileType = sourcecode.swift; path = AvatarView.swift; sourceTree = "<group>"; };
		D56643FB2914920500306D42 /* LikeControl.swift */ = {isa = PBXFileReference; lastKnownFileType = sourcecode.swift; path = LikeControl.swift; sourceTree = "<group>"; };
/* End PBXFileReference section */

/* Begin PBXFrameworksBuildPhase section */
		D566438A2911605D00306D42 /* Frameworks */ = {
			isa = PBXFrameworksBuildPhase;
			buildActionMask = 2147483647;
			files = (
			);
			runOnlyForDeploymentPostprocessing = 0;
		};
/* End PBXFrameworksBuildPhase section */

/* Begin PBXGroup section */
		D507E381291ACB9D00679342 /* Animation */ = {
			isa = PBXGroup;
			children = (
				D507E382291ACBCF00679342 /* DotsAnimationView.swift */,
				D507E384291ADD3E00679342 /* GreetingAnimationViewController.swift */,
			);
			path = Animation;
			sourceTree = "<group>";
		};
		D507E386291C010600679342 /* Photos */ = {
			isa = PBXGroup;
			children = (
				D507E387291C012900679342 /* UserPhotosViewController.swift */,
			);
			path = Photos;
			sourceTree = "<group>";
		};
		D507E389291C1E7300679342 /* CustomNavigationController */ = {
			isa = PBXGroup;
			children = (
				D507E398291D85AA00679342 /* CustomPopAnimationNavigationViewController.swift */,
				D507E396291D811D00679342 /* CustomInteractiveTransition.swift */,
				D507E38A291C1F1300679342 /* MillAnimationNavigationViewController.swift */,
				D507E38E291C218500679342 /* PushViewControllerAnimatedTransitioning.swift */,
				D507E390291C219800679342 /* PopViewControllerAnimatedTransitioning.swift */,
			);
			path = CustomNavigationController;
			sourceTree = "<group>";
		};
		D52A17AB292B8D6F00B49180 /* Singletone */ = {
			isa = PBXGroup;
			children = (
				D52A17A9292B8D6600B49180 /* Session.swift */,
			);
			path = Singletone;
			sourceTree = "<group>";
		};
		D549998D291A84A10085A3B7 /* News */ = {
			isa = PBXGroup;
			children = (
				D549998E291A84C70085A3B7 /* NewsTableViewController.swift */,
				D5499990291A86160085A3B7 /* NewsTableViewCell.swift */,
			);
			path = News;
			sourceTree = "<group>";
		};
		D56643842911605D00306D42 = {
			isa = PBXGroup;
			children = (
				D566438F2911605D00306D42 /* VK */,
				D566438E2911605D00306D42 /* Products */,
			);
			sourceTree = "<group>";
		};
		D566438E2911605D00306D42 /* Products */ = {
			isa = PBXGroup;
			children = (
				D566438D2911605D00306D42 /* VK.app */,
			);
			name = Products;
			sourceTree = "<group>";
		};
		D566438F2911605D00306D42 /* VK */ = {
			isa = PBXGroup;
			children = (
				D52A17AB292B8D6F00B49180 /* Singletone */,
				D507E389291C1E7300679342 /* CustomNavigationController */,
				D507E386291C010600679342 /* Photos */,
				D507E381291ACB9D00679342 /* Animation */,
				D549998D291A84A10085A3B7 /* News */,
				D56643FA291491F100306D42 /* LikeControl */,
				D56643E62914594E00306D42 /* AllGroups */,
				D56643E52914592F00306D42 /* UserGroups */,
				D56643D82913160300306D42 /* Login */,
				D56643D92913164200306D42 /* FriendsList */,
				D56643E029144EA800306D42 /* UserPhotosCollection */,
				D56643F629147F1300306D42 /* CustomView */,
				D5CFB2552915E4B3003DD149 /* Application */,
				D56643962911605D00306D42 /* Main.storyboard */,
				D56643992911605E00306D42 /* Assets.xcassets */,
				D566439B2911605E00306D42 /* LaunchScreen.storyboard */,
				D566439E2911605E00306D42 /* Info.plist */,
			);
			path = VK;
			sourceTree = "<group>";
		};
		D56643D82913160300306D42 /* Login */ = {
			isa = PBXGroup;
			children = (
				D56643942911605D00306D42 /* LoginViewController.swift */,
			);
			path = Login;
			sourceTree = "<group>";
		};
		D56643D92913164200306D42 /* FriendsList */ = {
			isa = PBXGroup;
			children = (
				D56643ED29145F3200306D42 /* VC */,
				D56643EF29145F4C00306D42 /* Cell */,
				D56643EE29145F4000306D42 /* Model */,
			);
			path = FriendsList;
			sourceTree = "<group>";
		};
		D56643E029144EA800306D42 /* UserPhotosCollection */ = {
			isa = PBXGroup;
			children = (
				D56643E12914504D00306D42 /* UserPhotosCollectionViewController.swift */,
				D56643E32914508300306D42 /* UserPhotoCollectionViewCell.swift */,
			);
			path = UserPhotosCollection;
			sourceTree = "<group>";
		};
		D56643E52914592F00306D42 /* UserGroups */ = {
			isa = PBXGroup;
			children = (
				D56643E72914599900306D42 /* UserGroupsTableViewController.swift */,
				D56643E929145A7E00306D42 /* GroupTableViewCell.swift */,
				D56643F0291460A000306D42 /* Group.swift */,
				D56643EA29145A7E00306D42 /* GroupTableViewCell.xib */,
			);
			path = UserGroups;
			sourceTree = "<group>";
		};
		D56643E62914594E00306D42 /* AllGroups */ = {
			isa = PBXGroup;
			children = (
				D56643F22914618500306D42 /* AllGroupsViewController.swift */,
			);
			path = AllGroups;
			sourceTree = "<group>";
		};
		D56643ED29145F3200306D42 /* VC */ = {
			isa = PBXGroup;
			children = (
				D56643DA2914427F00306D42 /* FriendsListTableViewController.swift */,
			);
			path = VC;
			sourceTree = "<group>";
		};
		D56643EE29145F4000306D42 /* Model */ = {
			isa = PBXGroup;
			children = (
				D56643DE2914459900306D42 /* UserInfo.swift */,
			);
			path = Model;
			sourceTree = "<group>";
		};
		D56643EF29145F4C00306D42 /* Cell */ = {
			isa = PBXGroup;
			children = (
				D56643DC291442A500306D42 /* FriendsTableViewCell.swift */,
			);
			path = Cell;
			sourceTree = "<group>";
		};
		D56643F629147F1300306D42 /* CustomView */ = {
			isa = PBXGroup;
			children = (
				D56643F429147F0A00306D42 /* AvatarView.swift */,
			);
			path = CustomView;
			sourceTree = "<group>";
		};
		D56643FA291491F100306D42 /* LikeControl */ = {
			isa = PBXGroup;
			children = (
				D56643FB2914920500306D42 /* LikeControl.swift */,
			);
			path = LikeControl;
			sourceTree = "<group>";
		};
		D5CFB2552915E4B3003DD149 /* Application */ = {
			isa = PBXGroup;
			children = (
				D56643902911605D00306D42 /* AppDelegate.swift */,
				D56643922911605D00306D42 /* SceneDelegate.swift */,
			);
			path = Application;
			sourceTree = "<group>";
		};
/* End PBXGroup section */

/* Begin PBXNativeTarget section */
		D566438C2911605D00306D42 /* VK */ = {
			isa = PBXNativeTarget;
			buildConfigurationList = D56643A12911605E00306D42 /* Build configuration list for PBXNativeTarget "VK" */;
			buildPhases = (
				D56643A4291160B900306D42 /* SwiftLint */,
				D56643A5291160EF00306D42 /* SwiftFormat */,
				D56643892911605D00306D42 /* Sources */,
				D566438A2911605D00306D42 /* Frameworks */,
				D566438B2911605D00306D42 /* Resources */,
			);
			buildRules = (
			);
			dependencies = (
			);
			name = VK;
			productName = VK;
			productReference = D566438D2911605D00306D42 /* VK.app */;
			productType = "com.apple.product-type.application";
		};
/* End PBXNativeTarget section */

/* Begin PBXProject section */
		D56643852911605D00306D42 /* Project object */ = {
			isa = PBXProject;
			attributes = {
				BuildIndependentTargetsInParallel = 1;
				LastSwiftUpdateCheck = 1400;
				LastUpgradeCheck = 1400;
				TargetAttributes = {
					D566438C2911605D00306D42 = {
						CreatedOnToolsVersion = 14.0;
					};
				};
			};
			buildConfigurationList = D56643882911605D00306D42 /* Build configuration list for PBXProject "VK" */;
			compatibilityVersion = "Xcode 14.0";
			developmentRegion = en;
			hasScannedForEncodings = 0;
			knownRegions = (
				en,
				Base,
			);
			mainGroup = D56643842911605D00306D42;
			productRefGroup = D566438E2911605D00306D42 /* Products */;
			projectDirPath = "";
			projectRoot = "";
			targets = (
				D566438C2911605D00306D42 /* VK */,
			);
		};
/* End PBXProject section */

/* Begin PBXResourcesBuildPhase section */
		D566438B2911605D00306D42 /* Resources */ = {
			isa = PBXResourcesBuildPhase;
			buildActionMask = 2147483647;
			files = (
				D566439D2911605E00306D42 /* LaunchScreen.storyboard in Resources */,
				D566439A2911605E00306D42 /* Assets.xcassets in Resources */,
				D56643982911605D00306D42 /* Main.storyboard in Resources */,
				D56643EC29145A7E00306D42 /* GroupTableViewCell.xib in Resources */,
			);
			runOnlyForDeploymentPostprocessing = 0;
		};
/* End PBXResourcesBuildPhase section */

/* Begin PBXShellScriptBuildPhase section */
		D56643A4291160B900306D42 /* SwiftLint */ = {
			isa = PBXShellScriptBuildPhase;
			alwaysOutOfDate = 1;
			buildActionMask = 2147483647;
			files = (
			);
			inputFileListPaths = (
			);
			inputPaths = (
			);
			name = SwiftLint;
			outputFileListPaths = (
			);
			outputPaths = (
			);
			runOnlyForDeploymentPostprocessing = 0;
			shellPath = /bin/sh;
			shellScript = "export PATH=\"$PATH:/opt/homebrew/bin\"\nif which swiftlint > /dev/null; then\n  swiftlint\nelse\n  echo \"warning: SwiftLint not installed, download from https://github.com/realm/SwiftLint\"\nfi\n";
		};
		D56643A5291160EF00306D42 /* SwiftFormat */ = {
			isa = PBXShellScriptBuildPhase;
			buildActionMask = 8;
			files = (
			);
			inputFileListPaths = (
			);
			inputPaths = (
			);
			name = SwiftFormat;
			outputFileListPaths = (
			);
			outputPaths = (
			);
			runOnlyForDeploymentPostprocessing = 1;
			shellPath = /bin/sh;
			shellScript = "export PATH=\"$PATH:/opt/homebrew/bin\"\nif which swiftformat >/dev/null; then\n  swiftformat .\nelse\n  echo \"warning: SwiftFormat not installed, download from https://github.com/nicklockwood/SwiftFormat\"\nfi\n";
		};
/* End PBXShellScriptBuildPhase section */

/* Begin PBXSourcesBuildPhase section */
		D56643892911605D00306D42 /* Sources */ = {
			isa = PBXSourcesBuildPhase;
			buildActionMask = 2147483647;
			files = (
				D56643F1291460A000306D42 /* Group.swift in Sources */,
				D507E383291ACBCF00679342 /* DotsAnimationView.swift in Sources */,
				D56643952911605D00306D42 /* LoginViewController.swift in Sources */,
				D5499991291A86160085A3B7 /* NewsTableViewCell.swift in Sources */,
				D56643FC2914920500306D42 /* LikeControl.swift in Sources */,
				D507E385291ADD3E00679342 /* GreetingAnimationViewController.swift in Sources */,
				D56643DB2914427F00306D42 /* FriendsListTableViewController.swift in Sources */,
				D507E397291D811D00679342 /* CustomInteractiveTransition.swift in Sources */,
				D507E38B291C1F1300679342 /* MillAnimationNavigationViewController.swift in Sources */,
				D56643DD291442A500306D42 /* FriendsTableViewCell.swift in Sources */,
				D52A17AA292B8D6600B49180 /* Session.swift in Sources */,
				D56643F529147F0A00306D42 /* AvatarView.swift in Sources */,
				D56643912911605D00306D42 /* AppDelegate.swift in Sources */,
				D507E399291D85AA00679342 /* CustomPopAnimationNavigationViewController.swift in Sources */,
				D56643F32914618500306D42 /* AllGroupsViewController.swift in Sources */,
				D507E38F291C218500679342 /* PushViewControllerAnimatedTransitioning.swift in Sources */,
				D507E388291C012900679342 /* UserPhotosViewController.swift in Sources */,
				D549998F291A84C70085A3B7 /* NewsTableViewController.swift in Sources */,
				D56643E42914508300306D42 /* UserPhotoCollectionViewCell.swift in Sources */,
				D56643932911605D00306D42 /* SceneDelegate.swift in Sources */,
				D507E391291C219800679342 /* PopViewControllerAnimatedTransitioning.swift in Sources */,
				D56643E22914504D00306D42 /* UserPhotosCollectionViewController.swift in Sources */,
				D56643E82914599900306D42 /* UserGroupsTableViewController.swift in Sources */,
				D56643DF2914459900306D42 /* UserInfo.swift in Sources */,
				D56643EB29145A7E00306D42 /* GroupTableViewCell.swift in Sources */,
			);
			runOnlyForDeploymentPostprocessing = 0;
		};
/* End PBXSourcesBuildPhase section */

/* Begin PBXVariantGroup section */
		D56643962911605D00306D42 /* Main.storyboard */ = {
			isa = PBXVariantGroup;
			children = (
				D56643972911605D00306D42 /* Base */,
			);
			name = Main.storyboard;
			sourceTree = "<group>";
		};
		D566439B2911605E00306D42 /* LaunchScreen.storyboard */ = {
			isa = PBXVariantGroup;
			children = (
				D566439C2911605E00306D42 /* Base */,
			);
			name = LaunchScreen.storyboard;
			sourceTree = "<group>";
		};
/* End PBXVariantGroup section */

/* Begin XCBuildConfiguration section */
		D566439F2911605E00306D42 /* Debug */ = {
			isa = XCBuildConfiguration;
			buildSettings = {
				ALWAYS_SEARCH_USER_PATHS = NO;
				CLANG_ANALYZER_NONNULL = YES;
				CLANG_ANALYZER_NUMBER_OBJECT_CONVERSION = YES_AGGRESSIVE;
				CLANG_CXX_LANGUAGE_STANDARD = "gnu++20";
				CLANG_ENABLE_MODULES = YES;
				CLANG_ENABLE_OBJC_ARC = YES;
				CLANG_ENABLE_OBJC_WEAK = YES;
				CLANG_WARN_BLOCK_CAPTURE_AUTORELEASING = YES;
				CLANG_WARN_BOOL_CONVERSION = YES;
				CLANG_WARN_COMMA = YES;
				CLANG_WARN_CONSTANT_CONVERSION = YES;
				CLANG_WARN_DEPRECATED_OBJC_IMPLEMENTATIONS = YES;
				CLANG_WARN_DIRECT_OBJC_ISA_USAGE = YES_ERROR;
				CLANG_WARN_DOCUMENTATION_COMMENTS = YES;
				CLANG_WARN_EMPTY_BODY = YES;
				CLANG_WARN_ENUM_CONVERSION = YES;
				CLANG_WARN_INFINITE_RECURSION = YES;
				CLANG_WARN_INT_CONVERSION = YES;
				CLANG_WARN_NON_LITERAL_NULL_CONVERSION = YES;
				CLANG_WARN_OBJC_IMPLICIT_RETAIN_SELF = YES;
				CLANG_WARN_OBJC_LITERAL_CONVERSION = YES;
				CLANG_WARN_OBJC_ROOT_CLASS = YES_ERROR;
				CLANG_WARN_QUOTED_INCLUDE_IN_FRAMEWORK_HEADER = YES;
				CLANG_WARN_RANGE_LOOP_ANALYSIS = YES;
				CLANG_WARN_STRICT_PROTOTYPES = YES;
				CLANG_WARN_SUSPICIOUS_MOVE = YES;
				CLANG_WARN_UNGUARDED_AVAILABILITY = YES_AGGRESSIVE;
				CLANG_WARN_UNREACHABLE_CODE = YES;
				CLANG_WARN__DUPLICATE_METHOD_MATCH = YES;
				COPY_PHASE_STRIP = NO;
				DEBUG_INFORMATION_FORMAT = dwarf;
				ENABLE_STRICT_OBJC_MSGSEND = YES;
				ENABLE_TESTABILITY = YES;
				GCC_C_LANGUAGE_STANDARD = gnu11;
				GCC_DYNAMIC_NO_PIC = NO;
				GCC_NO_COMMON_BLOCKS = YES;
				GCC_OPTIMIZATION_LEVEL = 0;
				GCC_PREPROCESSOR_DEFINITIONS = (
					"DEBUG=1",
					"$(inherited)",
				);
				GCC_WARN_64_TO_32_BIT_CONVERSION = YES;
				GCC_WARN_ABOUT_RETURN_TYPE = YES_ERROR;
				GCC_WARN_UNDECLARED_SELECTOR = YES;
				GCC_WARN_UNINITIALIZED_AUTOS = YES_AGGRESSIVE;
				GCC_WARN_UNUSED_FUNCTION = YES;
				GCC_WARN_UNUSED_VARIABLE = YES;
				IPHONEOS_DEPLOYMENT_TARGET = 16.0;
				MTL_ENABLE_DEBUG_INFO = INCLUDE_SOURCE;
				MTL_FAST_MATH = YES;
				ONLY_ACTIVE_ARCH = YES;
				SDKROOT = iphoneos;
				SWIFT_ACTIVE_COMPILATION_CONDITIONS = DEBUG;
				SWIFT_OPTIMIZATION_LEVEL = "-Onone";
			};
			name = Debug;
		};
		D56643A02911605E00306D42 /* Release */ = {
			isa = XCBuildConfiguration;
			buildSettings = {
				ALWAYS_SEARCH_USER_PATHS = NO;
				CLANG_ANALYZER_NONNULL = YES;
				CLANG_ANALYZER_NUMBER_OBJECT_CONVERSION = YES_AGGRESSIVE;
				CLANG_CXX_LANGUAGE_STANDARD = "gnu++20";
				CLANG_ENABLE_MODULES = YES;
				CLANG_ENABLE_OBJC_ARC = YES;
				CLANG_ENABLE_OBJC_WEAK = YES;
				CLANG_WARN_BLOCK_CAPTURE_AUTORELEASING = YES;
				CLANG_WARN_BOOL_CONVERSION = YES;
				CLANG_WARN_COMMA = YES;
				CLANG_WARN_CONSTANT_CONVERSION = YES;
				CLANG_WARN_DEPRECATED_OBJC_IMPLEMENTATIONS = YES;
				CLANG_WARN_DIRECT_OBJC_ISA_USAGE = YES_ERROR;
				CLANG_WARN_DOCUMENTATION_COMMENTS = YES;
				CLANG_WARN_EMPTY_BODY = YES;
				CLANG_WARN_ENUM_CONVERSION = YES;
				CLANG_WARN_INFINITE_RECURSION = YES;
				CLANG_WARN_INT_CONVERSION = YES;
				CLANG_WARN_NON_LITERAL_NULL_CONVERSION = YES;
				CLANG_WARN_OBJC_IMPLICIT_RETAIN_SELF = YES;
				CLANG_WARN_OBJC_LITERAL_CONVERSION = YES;
				CLANG_WARN_OBJC_ROOT_CLASS = YES_ERROR;
				CLANG_WARN_QUOTED_INCLUDE_IN_FRAMEWORK_HEADER = YES;
				CLANG_WARN_RANGE_LOOP_ANALYSIS = YES;
				CLANG_WARN_STRICT_PROTOTYPES = YES;
				CLANG_WARN_SUSPICIOUS_MOVE = YES;
				CLANG_WARN_UNGUARDED_AVAILABILITY = YES_AGGRESSIVE;
				CLANG_WARN_UNREACHABLE_CODE = YES;
				CLANG_WARN__DUPLICATE_METHOD_MATCH = YES;
				COPY_PHASE_STRIP = NO;
				DEBUG_INFORMATION_FORMAT = "dwarf-with-dsym";
				ENABLE_NS_ASSERTIONS = NO;
				ENABLE_STRICT_OBJC_MSGSEND = YES;
				GCC_C_LANGUAGE_STANDARD = gnu11;
				GCC_NO_COMMON_BLOCKS = YES;
				GCC_WARN_64_TO_32_BIT_CONVERSION = YES;
				GCC_WARN_ABOUT_RETURN_TYPE = YES_ERROR;
				GCC_WARN_UNDECLARED_SELECTOR = YES;
				GCC_WARN_UNINITIALIZED_AUTOS = YES_AGGRESSIVE;
				GCC_WARN_UNUSED_FUNCTION = YES;
				GCC_WARN_UNUSED_VARIABLE = YES;
				IPHONEOS_DEPLOYMENT_TARGET = 16.0;
				MTL_ENABLE_DEBUG_INFO = NO;
				MTL_FAST_MATH = YES;
				SDKROOT = iphoneos;
				SWIFT_COMPILATION_MODE = wholemodule;
				SWIFT_OPTIMIZATION_LEVEL = "-O";
				VALIDATE_PRODUCT = YES;
			};
			name = Release;
		};
		D56643A22911605E00306D42 /* Debug */ = {
			isa = XCBuildConfiguration;
			buildSettings = {
				ASSETCATALOG_COMPILER_APPICON_NAME = AppIcon;
				ASSETCATALOG_COMPILER_GLOBAL_ACCENT_COLOR_NAME = AccentColor;
				CODE_SIGN_STYLE = Automatic;
				CURRENT_PROJECT_VERSION = 1;
				DEVELOPMENT_TEAM = KCR277F8KP;
				GENERATE_INFOPLIST_FILE = YES;
				INFOPLIST_FILE = VK/Info.plist;
				INFOPLIST_KEY_UIApplicationSupportsIndirectInputEvents = YES;
				INFOPLIST_KEY_UILaunchStoryboardName = LaunchScreen;
				INFOPLIST_KEY_UIMainStoryboardFile = Main;
				INFOPLIST_KEY_UISupportedInterfaceOrientations_iPad = "UIInterfaceOrientationPortrait UIInterfaceOrientationPortraitUpsideDown UIInterfaceOrientationLandscapeLeft UIInterfaceOrientationLandscapeRight";
				INFOPLIST_KEY_UISupportedInterfaceOrientations_iPhone = "UIInterfaceOrientationPortrait UIInterfaceOrientationLandscapeLeft UIInterfaceOrientationLandscapeRight";
				LD_RUNPATH_SEARCH_PATHS = (
					"$(inherited)",
					"@executable_path/Frameworks",
				);
				MARKETING_VERSION = 1.0;
				PRODUCT_BUNDLE_IDENTIFIER = "suprun1212-gmail.com.VK";
				PRODUCT_NAME = "$(TARGET_NAME)";
				SWIFT_EMIT_LOC_STRINGS = YES;
				SWIFT_VERSION = 5.0;
				TARGETED_DEVICE_FAMILY = "1,2";
			};
			name = Debug;
		};
		D56643A32911605E00306D42 /* Release */ = {
			isa = XCBuildConfiguration;
			buildSettings = {
				ASSETCATALOG_COMPILER_APPICON_NAME = AppIcon;
				ASSETCATALOG_COMPILER_GLOBAL_ACCENT_COLOR_NAME = AccentColor;
				CODE_SIGN_STYLE = Automatic;
				CURRENT_PROJECT_VERSION = 1;
				DEVELOPMENT_TEAM = KCR277F8KP;
				GENERATE_INFOPLIST_FILE = YES;
				INFOPLIST_FILE = VK/Info.plist;
				INFOPLIST_KEY_UIApplicationSupportsIndirectInputEvents = YES;
				INFOPLIST_KEY_UILaunchStoryboardName = LaunchScreen;
				INFOPLIST_KEY_UIMainStoryboardFile = Main;
				INFOPLIST_KEY_UISupportedInterfaceOrientations_iPad = "UIInterfaceOrientationPortrait UIInterfaceOrientationPortraitUpsideDown UIInterfaceOrientationLandscapeLeft UIInterfaceOrientationLandscapeRight";
				INFOPLIST_KEY_UISupportedInterfaceOrientations_iPhone = "UIInterfaceOrientationPortrait UIInterfaceOrientationLandscapeLeft UIInterfaceOrientationLandscapeRight";
				LD_RUNPATH_SEARCH_PATHS = (
					"$(inherited)",
					"@executable_path/Frameworks",
				);
				MARKETING_VERSION = 1.0;
				PRODUCT_BUNDLE_IDENTIFIER = "suprun1212-gmail.com.VK";
				PRODUCT_NAME = "$(TARGET_NAME)";
				SWIFT_EMIT_LOC_STRINGS = YES;
				SWIFT_VERSION = 5.0;
				TARGETED_DEVICE_FAMILY = "1,2";
			};
			name = Release;
		};
/* End XCBuildConfiguration section */

/* Begin XCConfigurationList section */
		D56643882911605D00306D42 /* Build configuration list for PBXProject "VK" */ = {
			isa = XCConfigurationList;
			buildConfigurations = (
				D566439F2911605E00306D42 /* Debug */,
				D56643A02911605E00306D42 /* Release */,
			);
			defaultConfigurationIsVisible = 0;
			defaultConfigurationName = Release;
		};
		D56643A12911605E00306D42 /* Build configuration list for PBXNativeTarget "VK" */ = {
			isa = XCConfigurationList;
			buildConfigurations = (
				D56643A22911605E00306D42 /* Debug */,
				D56643A32911605E00306D42 /* Release */,
			);
			defaultConfigurationIsVisible = 0;
			defaultConfigurationName = Release;
		};
/* End XCConfigurationList section */
	};
	rootObject = D56643852911605D00306D42 /* Project object */;
}
